
Microsoft Visual Studio Solution File, Format Version 11.00
# Visual Studio 2010
Project("{FAE04EC0-301F-11D3-BF4B-00C04F79EFBC}") = "GHIssues", "GHIssues\GHIssues.csproj", "{73299D55-D074-4932-86D2-63122C3A94CC}"
EndProject
Project("{FAE04EC0-301F-11D3-BF4B-00C04F79EFBC}") = "GHIssues.Service", "GHIssues.Service\GHIssues.Service.csproj", "{E676F376-FD77-47BB-A20D-CD72ADFC8C73}"
EndProject
Project("{2150E333-8FDC-42A3-9474-1A3956D46DE8}") = "Lib", "Lib", "{CBFAE558-0615-4E1A-99D1-FDEBECFE09B6}"
	ProjectSection(SolutionItems) = preProject
		Lib\Microsoft.Expression.Interactions.dll = Lib\Microsoft.Expression.Interactions.dll
		Lib\Microsoft.Practices.Prism.dll = Lib\Microsoft.Practices.Prism.dll
		Lib\Microsoft.Practices.Prism.Interactivity.dll = Lib\Microsoft.Practices.Prism.Interactivity.dll
	EndProjectSection
EndProject
Project("{2150E333-8FDC-42A3-9474-1A3956D46DE8}") = "Tests", "Tests", "{FCF6CD7D-7E04-410D-A233-20BA6FA58764}"
EndProject
Project("{FAE04EC0-301F-11D3-BF4B-00C04F79EFBC}") = "GHIssuesTests", "GHIssuesTests\GHIssuesTests.csproj", "{EE06C7D2-E71E-4929-9BF3-CC7EA8A6864A}"
EndProject
Global
	GlobalSection(SolutionConfigurationPlatforms) = preSolution
		Debug|Any CPU = Debug|Any CPU
		Release|Any CPU = Release|Any CPU
	EndGlobalSection
	GlobalSection(ProjectConfigurationPlatforms) = postSolution
		{73299D55-D074-4932-86D2-63122C3A94CC}.Debug|Any CPU.ActiveCfg = Debug|Any CPU
		{73299D55-D074-4932-86D2-63122C3A94CC}.Debug|Any CPU.Build.0 = Debug|Any CPU
		{73299D55-D074-4932-86D2-63122C3A94CC}.Debug|Any CPU.Deploy.0 = Debug|Any CPU
		{73299D55-D074-4932-86D2-63122C3A94CC}.Release|Any CPU.ActiveCfg = Release|Any CPU
		{73299D55-D074-4932-86D2-63122C3A94CC}.Release|Any CPU.Build.0 = Release|Any CPU
		{73299D55-D074-4932-86D2-63122C3A94CC}.Release|Any CPU.Deploy.0 = Release|Any CPU
		{E676F376-FD77-47BB-A20D-CD72ADFC8C73}.Debug|Any CPU.ActiveCfg = Debug|Any CPU
		{E676F376-FD77-47BB-A20D-CD72ADFC8C73}.Debug|Any CPU.Build.0 = Debug|Any CPU
		{E676F376-FD77-47BB-A20D-CD72ADFC8C73}.Release|Any CPU.ActiveCfg = Release|Any CPU
		{E676F376-FD77-47BB-A20D-CD72ADFC8C73}.Release|Any CPU.Build.0 = Release|Any CPU
		{EE06C7D2-E71E-4929-9BF3-CC7EA8A6864A}.Debug|Any CPU.ActiveCfg = Debug|Any CPU
		{EE06C7D2-E71E-4929-9BF3-CC7EA8A6864A}.Debug|Any CPU.Build.0 = Debug|Any CPU
		{EE06C7D2-E71E-4929-9BF3-CC7EA8A6864A}.Debug|Any CPU.Deploy.0 = Debug|Any CPU
		{EE06C7D2-E71E-4929-9BF3-CC7EA8A6864A}.Release|Any CPU.ActiveCfg = Release|Any CPU
		{EE06C7D2-E71E-4929-9BF3-CC7EA8A6864A}.Release|Any CPU.Build.0 = Release|Any CPU
		{EE06C7D2-E71E-4929-9BF3-CC7EA8A6864A}.Release|Any CPU.Deploy.0 = Release|Any CPU
	EndGlobalSection
	GlobalSection(SolutionProperties) = preSolution
		HideSolutionNode = FALSE
	EndGlobalSection
	GlobalSection(NestedProjects) = preSolution
		{EE06C7D2-E71E-4929-9BF3-CC7EA8A6864A} = {FCF6CD7D-7E04-410D-A233-20BA6FA58764}
	EndGlobalSection
EndGlobal
